PODS:
  - MetricsReporter (1.2.1):
    - RSCrashReporter (= 1.0.1)
    - RudderKit (= 1.4.0)
  - RSCrashReporter (1.0.1)
  - Rudder (1.28.0):
    - MetricsReporter (= 1.2.1)
  - Rudder-Singular (1.1.0):
    - Rudder (~> 1.0)
    - Singular-SDK (= 12.5.0)
  - RudderKit (1.4.0)
  - Singular-SDK (12.5.0):
    - Singular-SDK/Main (= 12.5.0)
  - Singular-SDK/Main (12.5.0)

DEPENDENCIES:
  - Rudder-Singular (from `../`)

SPEC REPOS:
  trunk:
    - MetricsReporter
    - RSCrashReporter
    - Rudder
    - RudderKit
    - Singular-SDK

EXTERNAL SOURCES:
  Rudder-Singular:
    :path: "../"

SPEC CHECKSUMS:
  MetricsReporter: 99596ee5003c69949ed2f50acc34aee83c42f843
  RSCrashReporter: 6b8376ac729b0289ebe0908553e5f56d8171f313
  Rudder: 9f1f6fdec5bd0e8845e2ac2d4f7b4584d069bf88
  Rudder-Singular: 8ea21fefd50a7a6f1d4708958f5243551b2a7c1c
  RudderKit: f272f9872183946452ac94cd7bb2244a71e6ca8f
  Singular-SDK: 198466328cf193d4fba7b1d49b666b2f8f21e2d6

PODFILE CHECKSUM: d5f93b61cb8f2df1926e46e7fcccd46ca6c927ab

COCOAPODS: 1.17.0
